// !$*UTF8*$!
{
	archiveVersion = 1;
	classes = {
	};
	objectVersion = 77;
	objects = {

/* Begin PBXBuildFile section */
		05D2EA9AFBCA3BBBCF3C76FD /* StorageDevice.swift in Sources */ = {isa = PBXBuildFile; fileRef = 89D16B44D50257109B197C82 /* StorageDevice.swift */; };
		1761D3CEF78A1C275FA6F6DA /* DeviceSelectorView.swift in Sources */ = {isa = PBXBuildFile; fileRef = 33F5EB9B424846DD42715653 /* DeviceSelectorView.swift */; };
		279625729C743D2F2DF00158 /* DiskUtilWrapperTests.swift in Sources */ = {isa = PBXBuildFile; fileRef = 517C0AFF0DC83128EE9690A0 /* DiskUtilWrapperTests.swift */; };
		483EB6728920548DE1B0BBA2 /* DiskUtilWrapper.swift in Sources */ = {isa = PBXBuildFile; fileRef = BE0275C5D0A6BD9022F05DD1 /* DiskUtilWrapper.swift */; };
		5A0F84F1BB06AEA5418DAF10 /* ResultsView.swift in Sources */ = {isa = PBXBuildFile; fileRef = 2D34725BCC5778E99B1D9B20 /* ResultsView.swift */; };
		77BB62D583D14C283A6A9536 /* RecoveryManager.swift in Sources */ = {isa = PBXBuildFile; fileRef = ECC9A617857ED1C2A45EBCE4 /* RecoveryManager.swift */; };
		80B0267FDAF2E12E8C144DD4 /* TestDiskTask.swift in Sources */ = {isa = PBXBuildFile; fileRef = 54758A8AC2D5CD4957096ECB /* TestDiskTask.swift */; };
		8CF0974B55FDCACF474E3D80 /* ScanView.swift in Sources */ = {isa = PBXBuildFile; fileRef = 952C46F4C3C5493BDDA8E81D /* ScanView.swift */; };
		8DDE827457B34CA979009961 /* PhotoRecTask.swift in Sources */ = {isa = PBXBuildFile; fileRef = C984BA777AD2D2C4F9A50950 /* PhotoRecTask.swift */; };
		90AA7EFA79C1A7966D5387FD /* Assets.xcassets in Resources */ = {isa = PBXBuildFile; fileRef = 2288E3A6BB48553A20A0820D /* Assets.xcassets */; };
		A15541BC936EE877B1858B81 /* LogParser.swift in Sources */ = {isa = PBXBuildFile; fileRef = E4421A6F67B343617464F861 /* LogParser.swift */; };
		AAB96C1BDF7228B094332DB8 /* ContentView.swift in Sources */ = {isa = PBXBuildFile; fileRef = 780E012C87995726FB4AB94E /* ContentView.swift */; };
		E1E3C19E094B825604A6C357 /* LogParserTests.swift in Sources */ = {isa = PBXBuildFile; fileRef = 9416EC45DC803366DCBEC51B /* LogParserTests.swift */; };
		EECC09C8833DECF34F7F60ED /* RecoveredFile.swift in Sources */ = {isa = PBXBuildFile; fileRef = CB0A2DF8092A67F044F3E955 /* RecoveredFile.swift */; };
		FDEBA2A09C906B69A5EC6BDE /* HeySOS.swift in Sources */ = {isa = PBXBuildFile; fileRef = E72E94B485BB11B6A099B6A3 /* HeySOS.swift */; };
/* End PBXBuildFile section */

/* Begin PBXContainerItemProxy section */
		CF1C5DCCAA9D47FFF0DA3BF8 /* PBXContainerItemProxy */ = {
			isa = PBXContainerItemProxy;
			containerPortal = 3E028C9BB70E8E5F025E3F27 /* Project object */;
			proxyType = 1;
			remoteGlobalIDString = 5A651E9BAECB3E4AB288422C;
			remoteInfo = HeySOS;
		};
/* End PBXContainerItemProxy section */

/* Begin PBXFileReference section */
		185C06624649D659F3F7A943 /* HeySOS.entitlements */ = {isa = PBXFileReference; lastKnownFileType = text.plist.entitlements; path = HeySOS.entitlements; sourceTree = "<group>"; };
		2288E3A6BB48553A20A0820D /* Assets.xcassets */ = {isa = PBXFileReference; lastKnownFileType = folder.assetcatalog; path = Assets.xcassets; sourceTree = "<group>"; };
		2D34725BCC5778E99B1D9B20 /* ResultsView.swift */ = {isa = PBXFileReference; lastKnownFileType = sourcecode.swift; path = ResultsView.swift; sourceTree = "<group>"; };
		33F5EB9B424846DD42715653 /* DeviceSelectorView.swift */ = {isa = PBXFileReference; lastKnownFileType = sourcecode.swift; path = DeviceSelectorView.swift; sourceTree = "<group>"; };
		517C0AFF0DC83128EE9690A0 /* DiskUtilWrapperTests.swift */ = {isa = PBXFileReference; lastKnownFileType = sourcecode.swift; path = DiskUtilWrapperTests.swift; sourceTree = "<group>"; };
		54758A8AC2D5CD4957096ECB /* TestDiskTask.swift */ = {isa = PBXFileReference; lastKnownFileType = sourcecode.swift; path = TestDiskTask.swift; sourceTree = "<group>"; };
		65055913139671EDDDB4634E /* HeySOS-Tests.xctest */ = {isa = PBXFileReference; explicitFileType = wrapper.cfbundle; includeInIndex = 0; path = "HeySOS-Tests.xctest"; sourceTree = BUILT_PRODUCTS_DIR; };
		780E012C87995726FB4AB94E /* ContentView.swift */ = {isa = PBXFileReference; lastKnownFileType = sourcecode.swift; path = ContentView.swift; sourceTree = "<group>"; };
		82A9623FA44509B16A6C2C27 /* HeySOS.app */ = {isa = PBXFileReference; explicitFileType = wrapper.application; includeInIndex = 0; path = HeySOS.app; sourceTree = BUILT_PRODUCTS_DIR; };
		89D16B44D50257109B197C82 /* StorageDevice.swift */ = {isa = PBXFileReference; lastKnownFileType = sourcecode.swift; path = StorageDevice.swift; sourceTree = "<group>"; };
		9416EC45DC803366DCBEC51B /* LogParserTests.swift */ = {isa = PBXFileReference; lastKnownFileType = sourcecode.swift; path = LogParserTests.swift; sourceTree = "<group>"; };
		952C46F4C3C5493BDDA8E81D /* ScanView.swift */ = {isa = PBXFileReference; lastKnownFileType = sourcecode.swift; path = ScanView.swift; sourceTree = "<group>"; };
		BE0275C5D0A6BD9022F05DD1 /* DiskUtilWrapper.swift */ = {isa = PBXFileReference; lastKnownFileType = sourcecode.swift; path = DiskUtilWrapper.swift; sourceTree = "<group>"; };
		C984BA777AD2D2C4F9A50950 /* PhotoRecTask.swift */ = {isa = PBXFileReference; lastKnownFileType = sourcecode.swift; path = PhotoRecTask.swift; sourceTree = "<group>"; };
		CB0A2DF8092A67F044F3E955 /* RecoveredFile.swift */ = {isa = PBXFileReference; lastKnownFileType = sourcecode.swift; path = RecoveredFile.swift; sourceTree = "<group>"; };
		E4421A6F67B343617464F861 /* LogParser.swift */ = {isa = PBXFileReference; lastKnownFileType = sourcecode.swift; path = LogParser.swift; sourceTree = "<group>"; };
		E72E94B485BB11B6A099B6A3 /* HeySOS.swift */ = {isa = PBXFileReference; lastKnownFileType = sourcecode.swift; path = HeySOS.swift; sourceTree = "<group>"; };
		ECC9A617857ED1C2A45EBCE4 /* RecoveryManager.swift */ = {isa = PBXFileReference; lastKnownFileType = sourcecode.swift; path = RecoveryManager.swift; sourceTree = "<group>"; };
/* End PBXFileReference section */

/* Begin PBXGroup section */
		16EAC16971C90ADD3F03FDBA /* App */ = {
			isa = PBXGroup;
			children = (
				E72E94B485BB11B6A099B6A3 /* HeySOS.swift */,
			);
			path = App;
			sourceTree = "<group>";
		};
		1A395B0F87C91644BAFDB6C9 /* Resources */ = {
			isa = PBXGroup;
			children = (
				2288E3A6BB48553A20A0820D /* Assets.xcassets */,
				185C06624649D659F3F7A943 /* HeySOS.entitlements */,
			);
			path = Resources;
			sourceTree = "<group>";
		};
		1C5B86689E37C0BD15CECECF /* Results */ = {
			isa = PBXGroup;
			children = (
				2D34725BCC5778E99B1D9B20 /* ResultsView.swift */,
			);
			path = Results;
			sourceTree = "<group>";
		};
		1C9816044CABDFFD1745AEEB /* Core */ = {
			isa = PBXGroup;
			children = (
				BE0275C5D0A6BD9022F05DD1 /* DiskUtilWrapper.swift */,
				E4421A6F67B343617464F861 /* LogParser.swift */,
				C984BA777AD2D2C4F9A50950 /* PhotoRecTask.swift */,
				ECC9A617857ED1C2A45EBCE4 /* RecoveryManager.swift */,
				54758A8AC2D5CD4957096ECB /* TestDiskTask.swift */,
			);
			path = Core;
			sourceTree = "<group>";
		};
		22F96EAB43E0B595724B68F1 /* RecoveryManagerTests */ = {
			isa = PBXGroup;
			children = (
				517C0AFF0DC83128EE9690A0 /* DiskUtilWrapperTests.swift */,
			);
			path = RecoveryManagerTests;
			sourceTree = "<group>";
		};
		284C9A17A4DF90B7F3415A2B /* Features */ = {
			isa = PBXGroup;
			children = (
				AF1A48A6E3C1B0F9EE5252EC /* DeviceSelector */,
				1C5B86689E37C0BD15CECECF /* Results */,
				D3D934CC4CAE1ADF2A823FD0 /* Scanner */,
			);
			path = Features;
			sourceTree = "<group>";
		};
		2E883E7D41AF83F0CEEC38D5 /* Models */ = {
			isa = PBXGroup;
			children = (
				CB0A2DF8092A67F044F3E955 /* RecoveredFile.swift */,
				89D16B44D50257109B197C82 /* StorageDevice.swift */,
			);
			path = Models;
			sourceTree = "<group>";
		};
		44D9CC25623D60211C57FDEF /* Tests */ = {
			isa = PBXGroup;
			children = (
				97751EA28B3F46FDC7F61CD0 /* LogParserTests */,
				22F96EAB43E0B595724B68F1 /* RecoveryManagerTests */,
			);
			path = Tests;
			sourceTree = "<group>";
		};
		4D21DE0FBD80256596C5BB4B = {
			isa = PBXGroup;
			children = (
				75317ED8A7B29E51386DCE8E /* Sources */,
				44D9CC25623D60211C57FDEF /* Tests */,
				64265187451298546857F905 /* Products */,
			);
			indentWidth = 4;
			sourceTree = "<group>";
			tabWidth = 4;
		};
		64265187451298546857F905 /* Products */ = {
			isa = PBXGroup;
			children = (
				65055913139671EDDDB4634E /* HeySOS-Tests.xctest */,
				82A9623FA44509B16A6C2C27 /* HeySOS.app */,
			);
			name = Products;
			sourceTree = "<group>";
		};
		75317ED8A7B29E51386DCE8E /* Sources */ = {
			isa = PBXGroup;
			children = (
				16EAC16971C90ADD3F03FDBA /* App */,
				1C9816044CABDFFD1745AEEB /* Core */,
				284C9A17A4DF90B7F3415A2B /* Features */,
				2E883E7D41AF83F0CEEC38D5 /* Models */,
				1A395B0F87C91644BAFDB6C9 /* Resources */,
			);
			path = Sources;
			sourceTree = "<group>";
		};
		97751EA28B3F46FDC7F61CD0 /* LogParserTests */ = {
			isa = PBXGroup;
			children = (
				9416EC45DC803366DCBEC51B /* LogParserTests.swift */,
			);
			path = LogParserTests;
			sourceTree = "<group>";
		};
		AF1A48A6E3C1B0F9EE5252EC /* DeviceSelector */ = {
			isa = PBXGroup;
			children = (
				780E012C87995726FB4AB94E /* ContentView.swift */,
				33F5EB9B424846DD42715653 /* DeviceSelectorView.swift */,
			);
			path = DeviceSelector;
			sourceTree = "<group>";
		};
		D3D934CC4CAE1ADF2A823FD0 /* Scanner */ = {
			isa = PBXGroup;
			children = (
				952C46F4C3C5493BDDA8E81D /* ScanView.swift */,
			);
			path = Scanner;
			sourceTree = "<group>";
		};
/* End PBXGroup section */

/* Begin PBXNativeTarget section */
		5A651E9BAECB3E4AB288422C /* HeySOS */ = {
			isa = PBXNativeTarget;
			buildConfigurationList = B862BE71606957029004CADA /* Build configuration list for PBXNativeTarget "HeySOS" */;
			buildPhases = (
				478E72735FCDB14643DD3E23 /* Copy Recovery Engines */,
				7421FA6813E109FB7B8272EF /* Sources */,
				7A5C3B5579E7A474AD8B7DC3 /* Resources */,
			);
			buildRules = (
			);
			dependencies = (
			);
			name = HeySOS;
			packageProductDependencies = (
			);
			productName = HeySOS;
			productReference = 82A9623FA44509B16A6C2C27 /* HeySOS.app */;
			productType = "com.apple.product-type.application";
		};
		8840E0A64BE6188CB7FE5B66 /* HeySOS-Tests */ = {
			isa = PBXNativeTarget;
			buildConfigurationList = 827E35170F123299EE52ED9A /* Build configuration list for PBXNativeTarget "HeySOS-Tests" */;
			buildPhases = (
				02B3D3B4E604C84C7F95F8FB /* Sources */,
			);
			buildRules = (
			);
			dependencies = (
				841CB5820882E6F33BF9E896 /* PBXTargetDependency */,
			);
			name = "HeySOS-Tests";
			packageProductDependencies = (
			);
			productName = "HeySOS-Tests";
			productReference = 65055913139671EDDDB4634E /* HeySOS-Tests.xctest */;
			productType = "com.apple.product-type.bundle.unit-test";
		};
/* End PBXNativeTarget section */

/* Begin PBXProject section */
		3E028C9BB70E8E5F025E3F27 /* Project object */ = {
			isa = PBXProject;
			attributes = {
				BuildIndependentTargetsInParallel = YES;
				LastUpgradeCheck = 1600;
			};
			buildConfigurationList = 0D9FC53729C28ADA12801A25 /* Build configuration list for PBXProject "HeySOS" */;
			compatibilityVersion = "Xcode 14.0";
			developmentRegion = en;
			hasScannedForEncodings = 0;
			knownRegions = (
				Base,
				en,
			);
			mainGroup = 4D21DE0FBD80256596C5BB4B;
			minimizedProjectReferenceProxies = 1;
			preferredProjectObjectVersion = 77;
			projectDirPath = "";
			projectRoot = "";
			targets = (
				5A651E9BAECB3E4AB288422C /* HeySOS */,
				8840E0A64BE6188CB7FE5B66 /* HeySOS-Tests */,
			);
		};
/* End PBXProject section */

/* Begin PBXResourcesBuildPhase section */
		7A5C3B5579E7A474AD8B7DC3 /* Resources */ = {
			isa = PBXResourcesBuildPhase;
			buildActionMask = 2147483647;
			files = (
				90AA7EFA79C1A7966D5387FD /* Assets.xcassets in Resources */,
			);
			runOnlyForDeploymentPostprocessing = 0;
		};
/* End PBXResourcesBuildPhase section */

/* Begin PBXShellScriptBuildPhase section */
		478E72735FCDB14643DD3E23 /* Copy Recovery Engines */ = {
			isa = PBXShellScriptBuildPhase;
			buildActionMask = 2147483647;
			files = (
			);
			inputFileListPaths = (
			);
			inputPaths = (
				"$(SRCROOT)/Sources/Resources/Binaries/photorec",
				"$(SRCROOT)/Sources/Resources/Binaries/testdisk",
			);
			name = "Copy Recovery Engines";
			outputFileListPaths = (
			);
			outputPaths = (
				"$(BUILT_PRODUCTS_DIR)/$(CONTENTS_FOLDER_PATH)/Resources/photorec",
				"$(BUILT_PRODUCTS_DIR)/$(CONTENTS_FOLDER_PATH)/Resources/testdisk",
			);
			runOnlyForDeploymentPostprocessing = 0;
			shellPath = /bin/sh;
			shellScript = "set -e\nDST=\"$BUILT_PRODUCTS_DIR/$CONTENTS_FOLDER_PATH/Resources\"\nmkdir -p \"$DST\"\ncp \"$SRCROOT/Sources/Resources/Binaries/photorec\" \"$DST/photorec\"\ncp \"$SRCROOT/Sources/Resources/Binaries/testdisk\" \"$DST/testdisk\"\nchmod +x \"$DST/photorec\" \"$DST/testdisk\"\n";
		};
/* End PBXShellScriptBuildPhase section */

/* Begin PBXSourcesBuildPhase section */
		02B3D3B4E604C84C7F95F8FB /* Sources */ = {
			isa = PBXSourcesBuildPhase;
			buildActionMask = 2147483647;
			files = (
				279625729C743D2F2DF00158 /* DiskUtilWrapperTests.swift in Sources */,
				E1E3C19E094B825604A6C357 /* LogParserTests.swift in Sources */,
			);
			runOnlyForDeploymentPostprocessing = 0;
		};
		7421FA6813E109FB7B8272EF /* Sources */ = {
			isa = PBXSourcesBuildPhase;
			buildActionMask = 2147483647;
			files = (
				AAB96C1BDF7228B094332DB8 /* ContentView.swift in Sources */,
				1761D3CEF78A1C275FA6F6DA /* DeviceSelectorView.swift in Sources */,
				483EB6728920548DE1B0BBA2 /* DiskUtilWrapper.swift in Sources */,
				FDEBA2A09C906B69A5EC6BDE /* HeySOS.swift in Sources */,
				A15541BC936EE877B1858B81 /* LogParser.swift in Sources */,
				8DDE827457B34CA979009961 /* PhotoRecTask.swift in Sources */,
				EECC09C8833DECF34F7F60ED /* RecoveredFile.swift in Sources */,
				77BB62D583D14C283A6A9536 /* RecoveryManager.swift in Sources */,
				5A0F84F1BB06AEA5418DAF10 /* ResultsView.swift in Sources */,
				8CF0974B55FDCACF474E3D80 /* ScanView.swift in Sources */,
				05D2EA9AFBCA3BBBCF3C76FD /* StorageDevice.swift in Sources */,
				80B0267FDAF2E12E8C144DD4 /* TestDiskTask.swift in Sources */,
			);
			runOnlyForDeploymentPostprocessing = 0;
		};
/* End PBXSourcesBuildPhase section */

/* Begin PBXTargetDependency section */
		841CB5820882E6F33BF9E896 /* PBXTargetDependency */ = {
			isa = PBXTargetDependency;
			target = 5A651E9BAECB3E4AB288422C /* HeySOS */;
			targetProxy = CF1C5DCCAA9D47FFF0DA3BF8 /* PBXContainerItemProxy */;
		};
/* End PBXTargetDependency section */

/* Begin XCBuildConfiguration section */
		365BAEB46770BCB56685BD2A /* Debug */ = {
			isa = XCBuildConfiguration;
			buildSettings = {
				ARCHS = "$(ARCHS_STANDARD)";
				ASSETCATALOG_COMPILER_APPICON_NAME = AppIcon;
				ASSETCATALOG_COMPILER_GLOBAL_ACCENT_COLOR_NAME = AccentColor;
				CODE_SIGNING_ALLOWED = NO;
				CODE_SIGNING_REQUIRED = NO;
				CODE_SIGN_ENTITLEMENTS = Sources/Resources/HeySOS.entitlements;
				COMBINE_HIDPI_IMAGES = YES;
				CURRENT_PROJECT_VERSION = 1;
				DEBUG_INFORMATION_FORMAT = dwarf;
				ENABLE_HARDENED_RUNTIME = YES;
				ENABLE_TESTABILITY = YES;
				GENERATE_INFOPLIST_FILE = YES;
				INFOPLIST_KEY_CFBundleDisplayName = HeySOS;
				INFOPLIST_KEY_LSApplicationCategoryType = "public.app-category.utilities";
				INFOPLIST_KEY_NSHumanReadableCopyright = "Copyright © 2026 HeySOS Contributors. GPLv3.";
				INFOPLIST_KEY_NSPrincipalClass = NSApplication;
				LD_RUNPATH_SEARCH_PATHS = (
					"$(inherited)",
					"@executable_path/../Frameworks",
				);
				MACOSX_DEPLOYMENT_TARGET = 14.0;
				MARKETING_VERSION = 0.2.0;
				ONLY_ACTIVE_ARCH = YES;
				PRODUCT_BUNDLE_IDENTIFIER = com.heysos.app;
				PRODUCT_NAME = HeySOS;
				SDKROOT = macosx;
				SWIFT_VERSION = 5.9;
			};
			name = Debug;
		};
		42A9C5048747E644FA6332B4 /* Release */ = {
			isa = XCBuildConfiguration;
			buildSettings = {
				ALWAYS_SEARCH_USER_PATHS = NO;
				CLANG_ANALYZER_NONNULL = YES;
				CLANG_ANALYZER_NUMBER_OBJECT_CONVERSION = YES_AGGRESSIVE;
				CLANG_CXX_LANGUAGE_STANDARD = "gnu++14";
				CLANG_CXX_LIBRARY = "libc++";
				CLANG_ENABLE_MODULES = YES;
				CLANG_ENABLE_OBJC_ARC = YES;
				CLANG_ENABLE_OBJC_WEAK = YES;
				CLANG_WARN_BLOCK_CAPTURE_AUTORELEASING = YES;
				CLANG_WARN_BOOL_CONVERSION = YES;
				CLANG_WARN_COMMA = YES;
				CLANG_WARN_CONSTANT_CONVERSION = YES;
				CLANG_WARN_DEPRECATED_OBJC_IMPLEMENTATIONS = YES;
				CLANG_WARN_DIRECT_OBJC_ISA_USAGE = YES_ERROR;
				CLANG_WARN_DOCUMENTATION_COMMENTS = YES;
				CLANG_WARN_EMPTY_BODY = YES;
				CLANG_WARN_ENUM_CONVERSION = YES;
				CLANG_WARN_INFINITE_RECURSION = YES;
				CLANG_WARN_INT_CONVERSION = YES;
				CLANG_WARN_NON_LITERAL_NULL_CONVERSION = YES;
				CLANG_WARN_OBJC_IMPLICIT_RETAIN_SELF = YES;
				CLANG_WARN_OBJC_LITERAL_CONVERSION = YES;
				CLANG_WARN_OBJC_ROOT_CLASS = YES_ERROR;
				CLANG_WARN_QUOTED_INCLUDE_IN_FRAMEWORK_HEADER = YES;
				CLANG_WARN_RANGE_LOOP_ANALYSIS = YES;
				CLANG_WARN_STRICT_PROTOTYPES = YES;
				CLANG_WARN_SUSPICIOUS_MOVE = YES;
				CLANG_WARN_UNGUARDED_AVAILABILITY = YES_AGGRESSIVE;
				CLANG_WARN_UNREACHABLE_CODE = YES;
				CLANG_WARN__DUPLICATE_METHOD_MATCH = YES;
				COPY_PHASE_STRIP = NO;
				DEBUG_INFORMATION_FORMAT = "dwarf-with-dsym";
				ENABLE_NS_ASSERTIONS = NO;
				ENABLE_STRICT_OBJC_MSGSEND = YES;
				GCC_C_LANGUAGE_STANDARD = gnu11;
				GCC_NO_COMMON_BLOCKS = YES;
				GCC_WARN_64_TO_32_BIT_CONVERSION = YES;
				GCC_WARN_ABOUT_RETURN_TYPE = YES_ERROR;
				GCC_WARN_UNDECLARED_SELECTOR = YES;
				GCC_WARN_UNINITIALIZED_AUTOS = YES_AGGRESSIVE;
				GCC_WARN_UNUSED_FUNCTION = YES;
				GCC_WARN_UNUSED_VARIABLE = YES;
				MACOSX_DEPLOYMENT_TARGET = 14.0;
				MTL_ENABLE_DEBUG_INFO = NO;
				MTL_FAST_MATH = YES;
				PRODUCT_NAME = "$(TARGET_NAME)";
				SDKROOT = macosx;
				SWIFT_COMPILATION_MODE = wholemodule;
				SWIFT_OPTIMIZATION_LEVEL = "-O";
				SWIFT_VERSION = 5.9;
			};
			name = Release;
		};
		52E375A4CE8964B3AA9ABD21 /* Debug */ = {
			isa = XCBuildConfiguration;
			buildSettings = {
				ALWAYS_SEARCH_USER_PATHS = NO;
				CLANG_ANALYZER_NONNULL = YES;
				CLANG_ANALYZER_NUMBER_OBJECT_CONVERSION = YES_AGGRESSIVE;
				CLANG_CXX_LANGUAGE_STANDARD = "gnu++14";
				CLANG_CXX_LIBRARY = "libc++";
				CLANG_ENABLE_MODULES = YES;
				CLANG_ENABLE_OBJC_ARC = YES;
				CLANG_ENABLE_OBJC_WEAK = YES;
				CLANG_WARN_BLOCK_CAPTURE_AUTORELEASING = YES;
				CLANG_WARN_BOOL_CONVERSION = YES;
				CLANG_WARN_COMMA = YES;
				CLANG_WARN_CONSTANT_CONVERSION = YES;
				CLANG_WARN_DEPRECATED_OBJC_IMPLEMENTATIONS = YES;
				CLANG_WARN_DIRECT_OBJC_ISA_USAGE = YES_ERROR;
				CLANG_WARN_DOCUMENTATION_COMMENTS = YES;
				CLANG_WARN_EMPTY_BODY = YES;
				CLANG_WARN_ENUM_CONVERSION = YES;
				CLANG_WARN_INFINITE_RECURSION = YES;
				CLANG_WARN_INT_CONVERSION = YES;
				CLANG_WARN_NON_LITERAL_NULL_CONVERSION = YES;
				CLANG_WARN_OBJC_IMPLICIT_RETAIN_SELF = YES;
				CLANG_WARN_OBJC_LITERAL_CONVERSION = YES;
				CLANG_WARN_OBJC_ROOT_CLASS = YES_ERROR;
				CLANG_WARN_QUOTED_INCLUDE_IN_FRAMEWORK_HEADER = YES;
				CLANG_WARN_RANGE_LOOP_ANALYSIS = YES;
				CLANG_WARN_STRICT_PROTOTYPES = YES;
				CLANG_WARN_SUSPICIOUS_MOVE = YES;
				CLANG_WARN_UNGUARDED_AVAILABILITY = YES_AGGRESSIVE;
				CLANG_WARN_UNREACHABLE_CODE = YES;
				CLANG_WARN__DUPLICATE_METHOD_MATCH = YES;
				COPY_PHASE_STRIP = NO;
				DEBUG_INFORMATION_FORMAT = dwarf;
				ENABLE_STRICT_OBJC_MSGSEND = YES;
				ENABLE_TESTABILITY = YES;
				GCC_C_LANGUAGE_STANDARD = gnu11;
				GCC_DYNAMIC_NO_PIC = NO;
				GCC_NO_COMMON_BLOCKS = YES;
				GCC_OPTIMIZATION_LEVEL = 0;
				GCC_PREPROCESSOR_DEFINITIONS = (
					"$(inherited)",
					"DEBUG=1",
				);
				GCC_WARN_64_TO_32_BIT_CONVERSION = YES;
				GCC_WARN_ABOUT_RETURN_TYPE = YES_ERROR;
				GCC_WARN_UNDECLARED_SELECTOR = YES;
				GCC_WARN_UNINITIALIZED_AUTOS = YES_AGGRESSIVE;
				GCC_WARN_UNUSED_FUNCTION = YES;
				GCC_WARN_UNUSED_VARIABLE = YES;
				MACOSX_DEPLOYMENT_TARGET = 14.0;
				MTL_ENABLE_DEBUG_INFO = INCLUDE_SOURCE;
				MTL_FAST_MATH = YES;
				ONLY_ACTIVE_ARCH = YES;
				PRODUCT_NAME = "$(TARGET_NAME)";
				SDKROOT = macosx;
				SWIFT_ACTIVE_COMPILATION_CONDITIONS = DEBUG;
				SWIFT_OPTIMIZATION_LEVEL = "-Onone";
				SWIFT_VERSION = 5.9;
			};
			name = Debug;
		};
		671C681A70DAB164155FDCFE /* Release */ = {
			isa = XCBuildConfiguration;
			buildSettings = {
				BUNDLE_LOADER = "$(TEST_HOST)";
				CODE_SIGNING_ALLOWED = NO;
				CODE_SIGNING_REQUIRED = NO;
				COMBINE_HIDPI_IMAGES = YES;
				GENERATE_INFOPLIST_FILE = YES;
				LD_RUNPATH_SEARCH_PATHS = (
					"$(inherited)",
					"@executable_path/../Frameworks",
					"@loader_path/../Frameworks",
				);
				MACOSX_DEPLOYMENT_TARGET = 14.0;
				PRODUCT_BUNDLE_IDENTIFIER = com.heysos.app.tests;
				SDKROOT = macosx;
				SWIFT_VERSION = 5.9;
				TEST_HOST = "$(BUILT_PRODUCTS_DIR)/HeySOS.app/Contents/MacOS/HeySOS";
			};
			name = Release;
		};
		8DDA1A3CEB92D7CC63B0CF88 /* Release */ = {
			isa = XCBuildConfiguration;
			buildSettings = {
				ARCHS = "$(ARCHS_STANDARD)";
				ASSETCATALOG_COMPILER_APPICON_NAME = AppIcon;
				ASSETCATALOG_COMPILER_GLOBAL_ACCENT_COLOR_NAME = AccentColor;
				CODE_SIGN_ENTITLEMENTS = Sources/Resources/HeySOS.entitlements;
				CODE_SIGN_STYLE = Automatic;
				COMBINE_HIDPI_IMAGES = YES;
				CURRENT_PROJECT_VERSION = 1;
				DEBUG_INFORMATION_FORMAT = "dwarf-with-dsym";
				ENABLE_HARDENED_RUNTIME = YES;
				ENABLE_NS_ASSERTIONS = NO;
				GENERATE_INFOPLIST_FILE = YES;
				INFOPLIST_KEY_CFBundleDisplayName = HeySOS;
				INFOPLIST_KEY_LSApplicationCategoryType = "public.app-category.utilities";
				INFOPLIST_KEY_NSHumanReadableCopyright = "Copyright © 2026 HeySOS Contributors. GPLv3.";
				INFOPLIST_KEY_NSPrincipalClass = NSApplication;
				LD_RUNPATH_SEARCH_PATHS = (
					"$(inherited)",
					"@executable_path/../Frameworks",
				);
				MACOSX_DEPLOYMENT_TARGET = 14.0;
				MARKETING_VERSION = 0.2.0;
				ONLY_ACTIVE_ARCH = NO;
				PRODUCT_BUNDLE_IDENTIFIER = com.heysos.app;
				PRODUCT_NAME = HeySOS;
				SDKROOT = macosx;
				SWIFT_COMPILATION_MODE = wholemodule;
				SWIFT_VERSION = 5.9;
			};
			name = Release;
		};
		CA56FA597AE99DBCBB48D3AB /* Debug */ = {
			isa = XCBuildConfiguration;
			buildSettings = {
				BUNDLE_LOADER = "$(TEST_HOST)";
				CODE_SIGNING_ALLOWED = NO;
				CODE_SIGNING_REQUIRED = NO;
				COMBINE_HIDPI_IMAGES = YES;
				GENERATE_INFOPLIST_FILE = YES;
				LD_RUNPATH_SEARCH_PATHS = (
					"$(inherited)",
					"@executable_path/../Frameworks",
					"@loader_path/../Frameworks",
				);
				MACOSX_DEPLOYMENT_TARGET = 14.0;
				PRODUCT_BUNDLE_IDENTIFIER = com.heysos.app.tests;
				SDKROOT = macosx;
				SWIFT_VERSION = 5.9;
				TEST_HOST = "$(BUILT_PRODUCTS_DIR)/HeySOS.app/Contents/MacOS/HeySOS";
			};
			name = Debug;
		};
/* End XCBuildConfiguration section */

/* Begin XCConfigurationList section */
		0D9FC53729C28ADA12801A25 /* Build configuration list for PBXProject "HeySOS" */ = {
			isa = XCConfigurationList;
			buildConfigurations = (
				52E375A4CE8964B3AA9ABD21 /* Debug */,
				42A9C5048747E644FA6332B4 /* Release */,
			);
			defaultConfigurationIsVisible = 0;
			defaultConfigurationName = Debug;
		};
		827E35170F123299EE52ED9A /* Build configuration list for PBXNativeTarget "HeySOS-Tests" */ = {
			isa = XCConfigurationList;
			buildConfigurations = (
				CA56FA597AE99DBCBB48D3AB /* Debug */,
				671C681A70DAB164155FDCFE /* Release */,
			);
			defaultConfigurationIsVisible = 0;
			defaultConfigurationName = Debug;
		};
		B862BE71606957029004CADA /* Build configuration list for PBXNativeTarget "HeySOS" */ = {
			isa = XCConfigurationList;
			buildConfigurations = (
				365BAEB46770BCB56685BD2A /* Debug */,
				8DDA1A3CEB92D7CC63B0CF88 /* Release */,
			);
			defaultConfigurationIsVisible = 0;
			defaultConfigurationName = Debug;
		};
/* End XCConfigurationList section */
	};
	rootObject = 3E028C9BB70E8E5F025E3F27 /* Project object */;
}
